
Microsoft Visual Studio Solution File, Format Version 12.00
# Visual Studio Version 17
VisualStudioVersion = 17.5.33424.131
MinimumVisualStudioVersion = 10.0.40219.1
Project("{9A19103F-16F7-4668-BE54-9A1E7A4F7556}") = "DFF.BlazorServer", "DFF.BlazorServer\DFF.BlazorServer.csproj", "{3AB4B84F-D169-4070-8352-98AA5FA9382D}"
EndProject
Project("{2150E333-8FDC-42A3-9474-1A3956D46DE8}") = "SolutionItems", "SolutionItems", "{17C23245-67CC-459B-B804-4CFD342812C3}"
	ProjectSection(SolutionItems) = preProject
		.gitattributes = .gitattributes
		.gitignore = .gitignore
	EndProjectSection
EndProject
Global
	GlobalSection(SolutionConfigurationPlatforms) = preSolution
		Debug|Any CPU = Debug|Any CPU
		Release|Any CPU = Release|Any CPU
	EndGlobalSection
	GlobalSection(ProjectConfigurationPlatforms) = postSolution
		{3AB4B84F-D169-4070-8352-98AA5FA9382D}.Debug|Any CPU.ActiveCfg = Debug|Any CPU
		{3AB4B84F-D169-4070-8352-98AA5FA9382D}.Debug|Any CPU.Build.0 = Debug|Any CPU
		{3AB4B84F-D169-4070-8352-98AA5FA9382D}.Release|Any CPU.ActiveCfg = Release|Any CPU
		{3AB4B84F-D169-4070-8352-98AA5FA9382D}.Release|Any CPU.Build.0 = Release|Any CPU
	EndGlobalSection
	GlobalSection(SolutionProperties) = preSolution
		HideSolutionNode = FALSE
	EndGlobalSection
	GlobalSection(ExtensibilityGlobals) = postSolution
		SolutionGuid = {6C83521A-E20D-4E56-A162-5AEA5985E11F}
	EndGlobalSection
EndGlobal
